
Microsoft Visual Studio Solution File, Format Version 12.00
# Visual Studio Version 17
VisualStudioVersion = 17.14.36109.1 d17.14
MinimumVisualStudioVersion = 10.0.40219.1
Project("{FAE04EC0-301F-11D3-BF4B-00C04F79EFBC}") = "MPWordleClient", "MPWordleClient.csproj", "{91695B02-CD9F-46C1-9DBF-08262EAAC03D}"
EndProject
Global
	GlobalSection(SolutionConfigurationPlatforms) = preSolution
		Debug|Any CPU = Debug|Any CPU
		Release|Any CPU = Release|Any CPU
	EndGlobalSection
	GlobalSection(ProjectConfigurationPlatforms) = postSolution
		{91695B02-CD9F-46C1-9DBF-08262EAAC03D}.Debug|Any CPU.ActiveCfg = Debug|Any CPU
		{91695B02-CD9F-46C1-9DBF-08262EAAC03D}.Debug|Any CPU.Build.0 = Debug|Any CPU
		{91695B02-CD9F-46C1-9DBF-08262EAAC03D}.Release|Any CPU.ActiveCfg = Release|Any CPU
		{91695B02-CD9F-46C1-9DBF-08262EAAC03D}.Release|Any CPU.Build.0 = Release|Any CPU
	EndGlobalSection
	GlobalSection(SolutionProperties) = preSolution
		HideSolutionNode = FALSE
	EndGlobalSection
	GlobalSection(ExtensibilityGlobals) = postSolution
		SolutionGuid = {45E77421-3B28-4D57-8634-D9A5685C0DF5}
	EndGlobalSection
EndGlobal
